
Microsoft Visual Studio Solution File, Format Version 12.00
# Visual Studio for Mac
Project("{FAE04EC0-301F-11D3-BF4B-00C04F79EFBC}") = "OculusGoTest", "Assembly-CSharp.csproj", "{B37224DF-8E97-2393-36D5-8E5A1FD94CD7}"
EndProject
Project("{FAE04EC0-301F-11D3-BF4B-00C04F79EFBC}") = "OculusGoTest", "Assembly-CSharp-Editor.csproj", "{0CDB4844-D2C3-708C-0963-ECFF4740EB15}"
EndProject
Global
	GlobalSection(SolutionConfigurationPlatforms) = preSolution
		Debug|Any CPU = Debug|Any CPU
		Release|Any CPU = Release|Any CPU
	EndGlobalSection
	GlobalSection(ProjectConfigurationPlatforms) = postSolution
		{B37224DF-8E97-2393-36D5-8E5A1FD94CD7}.Debug|Any CPU.ActiveCfg = Debug|Any CPU
		{B37224DF-8E97-2393-36D5-8E5A1FD94CD7}.Debug|Any CPU.Build.0 = Debug|Any CPU
		{B37224DF-8E97-2393-36D5-8E5A1FD94CD7}.Release|Any CPU.ActiveCfg = Release|Any CPU
		{B37224DF-8E97-2393-36D5-8E5A1FD94CD7}.Release|Any CPU.Build.0 = Release|Any CPU
		{0CDB4844-D2C3-708C-0963-ECFF4740EB15}.Debug|Any CPU.ActiveCfg = Debug|Any CPU
		{0CDB4844-D2C3-708C-0963-ECFF4740EB15}.Debug|Any CPU.Build.0 = Debug|Any CPU
		{0CDB4844-D2C3-708C-0963-ECFF4740EB15}.Release|Any CPU.ActiveCfg = Release|Any CPU
		{0CDB4844-D2C3-708C-0963-ECFF4740EB15}.Release|Any CPU.Build.0 = Release|Any CPU
	EndGlobalSection
	GlobalSection(SolutionProperties) = preSolution
		HideSolutionNode = FALSE
	EndGlobalSection
EndGlobal
